// !$*UTF8*$!
{
	archiveVersion = 1;
	classes = {
	};
	objectVersion = 55;
	objects = {

/* Begin PBXBuildFile section */
		359F01A8288C490600181FE7 /* LandmarkApp.swift in Sources */ = {isa = PBXBuildFile; fileRef = 359F01A7288C490600181FE7 /* LandmarkApp.swift */; };
		359F01AA288C490600181FE7 /* ContentView.swift in Sources */ = {isa = PBXBuildFile; fileRef = 359F01A9288C490600181FE7 /* ContentView.swift */; };
		359F01AC288C490700181FE7 /* Assets.xcassets in Resources */ = {isa = PBXBuildFile; fileRef = 359F01AB288C490700181FE7 /* Assets.xcassets */; };
		359F01AF288C490700181FE7 /* Preview Assets.xcassets in Resources */ = {isa = PBXBuildFile; fileRef = 359F01AE288C490700181FE7 /* Preview Assets.xcassets */; };
		359F01B6288C4BCA00181FE7 /* CircleImage.swift in Sources */ = {isa = PBXBuildFile; fileRef = 359F01B5288C4BCA00181FE7 /* CircleImage.swift */; };
		359F01B8288C4C9000181FE7 /* MapView.swift in Sources */ = {isa = PBXBuildFile; fileRef = 359F01B7288C4C9000181FE7 /* MapView.swift */; };
		359F01BB288C4F8100181FE7 /* landmarkData.json in Resources */ = {isa = PBXBuildFile; fileRef = 359F01BA288C4F8100181FE7 /* landmarkData.json */; };
		359F01BD288C4F9700181FE7 /* Landmark.swift in Sources */ = {isa = PBXBuildFile; fileRef = 359F01BC288C4F9700181FE7 /* Landmark.swift */; };
		359F01C0288C50B500181FE7 /* ModelData.swift in Sources */ = {isa = PBXBuildFile; fileRef = 359F01BF288C50B500181FE7 /* ModelData.swift */; };
		359F01C3288C51EA00181FE7 /* LandmarkRow.swift in Sources */ = {isa = PBXBuildFile; fileRef = 359F01C2288C51EA00181FE7 /* LandmarkRow.swift */; };
		359F01C5288C532A00181FE7 /* LandmarkList.swift in Sources */ = {isa = PBXBuildFile; fileRef = 359F01C4288C532A00181FE7 /* LandmarkList.swift */; };
		359F01C7288C551300181FE7 /* LandmarkDetail.swift in Sources */ = {isa = PBXBuildFile; fileRef = 359F01C6288C551300181FE7 /* LandmarkDetail.swift */; };
		359F01C9288C5C4300181FE7 /* FavoriteButton.swift in Sources */ = {isa = PBXBuildFile; fileRef = 359F01C8288C5C4300181FE7 /* FavoriteButton.swift */; };
		359F01CD288C5DC400181FE7 /* HexagonParameters.swift in Sources */ = {isa = PBXBuildFile; fileRef = 359F01CC288C5DC400181FE7 /* HexagonParameters.swift */; };
		359F01CF288C5E4100181FE7 /* BadgeBackground.swift in Sources */ = {isa = PBXBuildFile; fileRef = 359F01CE288C5E4100181FE7 /* BadgeBackground.swift */; };
		359F01D1288C60EE00181FE7 /* BadgeSymbol.swift in Sources */ = {isa = PBXBuildFile; fileRef = 359F01D0288C60EE00181FE7 /* BadgeSymbol.swift */; };
		359F01D3288C614F00181FE7 /* RotatedBadgeSymbol.swift in Sources */ = {isa = PBXBuildFile; fileRef = 359F01D2288C614F00181FE7 /* RotatedBadgeSymbol.swift */; };
		359F01D5288C617A00181FE7 /* Badge.swift in Sources */ = {isa = PBXBuildFile; fileRef = 359F01D4288C617A00181FE7 /* Badge.swift */; };
/* End PBXBuildFile section */

/* Begin PBXFileReference section */
		359F01A4288C490600181FE7 /* Landmark.app */ = {isa = PBXFileReference; explicitFileType = wrapper.application; includeInIndex = 0; path = Landmark.app; sourceTree = BUILT_PRODUCTS_DIR; };
		359F01A7288C490600181FE7 /* LandmarkApp.swift */ = {isa = PBXFileReference; lastKnownFileType = sourcecode.swift; path = LandmarkApp.swift; sourceTree = "<group>"; };
		359F01A9288C490600181FE7 /* ContentView.swift */ = {isa = PBXFileReference; lastKnownFileType = sourcecode.swift; path = ContentView.swift; sourceTree = "<group>"; };
		359F01AB288C490700181FE7 /* Assets.xcassets */ = {isa = PBXFileReference; lastKnownFileType = folder.assetcatalog; path = Assets.xcassets; sourceTree = "<group>"; };
		359F01AE288C490700181FE7 /* Preview Assets.xcassets */ = {isa = PBXFileReference; lastKnownFileType = folder.assetcatalog; path = "Preview Assets.xcassets"; sourceTree = "<group>"; };
		359F01B5288C4BCA00181FE7 /* CircleImage.swift */ = {isa = PBXFileReference; lastKnownFileType = sourcecode.swift; path = CircleImage.swift; sourceTree = "<group>"; };
		359F01B7288C4C9000181FE7 /* MapView.swift */ = {isa = PBXFileReference; lastKnownFileType = sourcecode.swift; path = MapView.swift; sourceTree = "<group>"; };
		359F01BA288C4F8100181FE7 /* landmarkData.json */ = {isa = PBXFileReference; fileEncoding = 4; lastKnownFileType = text.json; path = landmarkData.json; sourceTree = "<group>"; };
		359F01BC288C4F9700181FE7 /* Landmark.swift */ = {isa = PBXFileReference; lastKnownFileType = sourcecode.swift; path = Landmark.swift; sourceTree = "<group>"; };
		359F01BF288C50B500181FE7 /* ModelData.swift */ = {isa = PBXFileReference; lastKnownFileType = sourcecode.swift; path = ModelData.swift; sourceTree = "<group>"; };
		359F01C2288C51EA00181FE7 /* LandmarkRow.swift */ = {isa = PBXFileReference; lastKnownFileType = sourcecode.swift; path = LandmarkRow.swift; sourceTree = "<group>"; };
		359F01C4288C532A00181FE7 /* LandmarkList.swift */ = {isa = PBXFileReference; lastKnownFileType = sourcecode.swift; path = LandmarkList.swift; sourceTree = "<group>"; };
		359F01C6288C551300181FE7 /* LandmarkDetail.swift */ = {isa = PBXFileReference; lastKnownFileType = sourcecode.swift; path = LandmarkDetail.swift; sourceTree = "<group>"; };
		359F01C8288C5C4300181FE7 /* FavoriteButton.swift */ = {isa = PBXFileReference; lastKnownFileType = sourcecode.swift; path = FavoriteButton.swift; sourceTree = "<group>"; };
		359F01CC288C5DC400181FE7 /* HexagonParameters.swift */ = {isa = PBXFileReference; lastKnownFileType = sourcecode.swift; path = HexagonParameters.swift; sourceTree = "<group>"; };
		359F01CE288C5E4100181FE7 /* BadgeBackground.swift */ = {isa = PBXFileReference; lastKnownFileType = sourcecode.swift; path = BadgeBackground.swift; sourceTree = "<group>"; };
		359F01D0288C60EE00181FE7 /* BadgeSymbol.swift */ = {isa = PBXFileReference; lastKnownFileType = sourcecode.swift; path = BadgeSymbol.swift; sourceTree = "<group>"; };
		359F01D2288C614F00181FE7 /* RotatedBadgeSymbol.swift */ = {isa = PBXFileReference; lastKnownFileType = sourcecode.swift; path = RotatedBadgeSymbol.swift; sourceTree = "<group>"; };
		359F01D4288C617A00181FE7 /* Badge.swift */ = {isa = PBXFileReference; lastKnownFileType = sourcecode.swift; path = Badge.swift; sourceTree = "<group>"; };
/* End PBXFileReference section */

/* Begin PBXFrameworksBuildPhase section */
		359F01A1288C490600181FE7 /* Frameworks */ = {
			isa = PBXFrameworksBuildPhase;
			buildActionMask = 2147483647;
			files = (
			);
			runOnlyForDeploymentPostprocessing = 0;
		};
/* End PBXFrameworksBuildPhase section */

/* Begin PBXGroup section */
		359F019B288C490600181FE7 = {
			isa = PBXGroup;
			children = (
				359F01A6288C490600181FE7 /* Landmark */,
				359F01A5288C490600181FE7 /* Products */,
			);
			sourceTree = "<group>";
		};
		359F01A5288C490600181FE7 /* Products */ = {
			isa = PBXGroup;
			children = (
				359F01A4288C490600181FE7 /* Landmark.app */,
			);
			name = Products;
			sourceTree = "<group>";
		};
		359F01A6288C490600181FE7 /* Landmark */ = {
			isa = PBXGroup;
			children = (
				359F01C1288C51AB00181FE7 /* Views */,
				359F01BE288C50A300181FE7 /* Model */,
				359F01B9288C4F6100181FE7 /* Resources */,
				359F01A7288C490600181FE7 /* LandmarkApp.swift */,
				359F01AB288C490700181FE7 /* Assets.xcassets */,
				359F01AD288C490700181FE7 /* Preview Content */,
			);
			path = Landmark;
			sourceTree = "<group>";
		};
		359F01AD288C490700181FE7 /* Preview Content */ = {
			isa = PBXGroup;
			children = (
				359F01AE288C490700181FE7 /* Preview Assets.xcassets */,
			);
			path = "Preview Content";
			sourceTree = "<group>";
		};
		359F01B9288C4F6100181FE7 /* Resources */ = {
			isa = PBXGroup;
			children = (
				359F01BA288C4F8100181FE7 /* landmarkData.json */,
			);
			path = Resources;
			sourceTree = "<group>";
		};
		359F01BE288C50A300181FE7 /* Model */ = {
			isa = PBXGroup;
			children = (
				359F01BC288C4F9700181FE7 /* Landmark.swift */,
				359F01BF288C50B500181FE7 /* ModelData.swift */,
			);
			path = Model;
			sourceTree = "<group>";
		};
		359F01C1288C51AB00181FE7 /* Views */ = {
			isa = PBXGroup;
			children = (
				359F01D6288C61AA00181FE7 /* Badges */,
				359F01A9288C490600181FE7 /* ContentView.swift */,
				359F01CA288C5CB300181FE7 /* Landmarks */,
				359F01CB288C5CC600181FE7 /* Helpers */,
			);
			path = Views;
			sourceTree = "<group>";
		};
		359F01CA288C5CB300181FE7 /* Landmarks */ = {
			isa = PBXGroup;
			children = (
				359F01C2288C51EA00181FE7 /* LandmarkRow.swift */,
				359F01C4288C532A00181FE7 /* LandmarkList.swift */,
				359F01C6288C551300181FE7 /* LandmarkDetail.swift */,
			);
			path = Landmarks;
			sourceTree = "<group>";
		};
		359F01CB288C5CC600181FE7 /* Helpers */ = {
			isa = PBXGroup;
			children = (
				359F01B5288C4BCA00181FE7 /* CircleImage.swift */,
				359F01B7288C4C9000181FE7 /* MapView.swift */,
				359F01C8288C5C4300181FE7 /* FavoriteButton.swift */,
			);
			path = Helpers;
			sourceTree = "<group>";
		};
		359F01D6288C61AA00181FE7 /* Badges */ = {
			isa = PBXGroup;
			children = (
				359F01CC288C5DC400181FE7 /* HexagonParameters.swift */,
				359F01CE288C5E4100181FE7 /* BadgeBackground.swift */,
				359F01D0288C60EE00181FE7 /* BadgeSymbol.swift */,
				359F01D2288C614F00181FE7 /* RotatedBadgeSymbol.swift */,
				359F01D4288C617A00181FE7 /* Badge.swift */,
			);
			path = Badges;
			sourceTree = "<group>";
		};
/* End PBXGroup section */

/* Begin PBXNativeTarget section */
		359F01A3288C490600181FE7 /* Landmark */ = {
			isa = PBXNativeTarget;
			buildConfigurationList = 359F01B2288C490700181FE7 /* Build configuration list for PBXNativeTarget "Landmark" */;
			buildPhases = (
				359F01A0288C490600181FE7 /* Sources */,
				359F01A1288C490600181FE7 /* Frameworks */,
				359F01A2288C490600181FE7 /* Resources */,
			);
			buildRules = (
			);
			dependencies = (
			);
			name = Landmark;
			productName = Landmark;
			productReference = 359F01A4288C490600181FE7 /* Landmark.app */;
			productType = "com.apple.product-type.application";
		};
/* End PBXNativeTarget section */

/* Begin PBXProject section */
		359F019C288C490600181FE7 /* Project object */ = {
			isa = PBXProject;
			attributes = {
				BuildIndependentTargetsInParallel = 1;
				LastSwiftUpdateCheck = 1340;
				LastUpgradeCheck = 1340;
				TargetAttributes = {
					359F01A3288C490600181FE7 = {
						CreatedOnToolsVersion = 13.4.1;
					};
				};
			};
			buildConfigurationList = 359F019F288C490600181FE7 /* Build configuration list for PBXProject "Landmark" */;
			compatibilityVersion = "Xcode 13.0";
			developmentRegion = en;
			hasScannedForEncodings = 0;
			knownRegions = (
				en,
				Base,
			);
			mainGroup = 359F019B288C490600181FE7;
			productRefGroup = 359F01A5288C490600181FE7 /* Products */;
			projectDirPath = "";
			projectRoot = "";
			targets = (
				359F01A3288C490600181FE7 /* Landmark */,
			);
		};
/* End PBXProject section */

/* Begin PBXResourcesBuildPhase section */
		359F01A2288C490600181FE7 /* Resources */ = {
			isa = PBXResourcesBuildPhase;
			buildActionMask = 2147483647;
			files = (
				359F01AF288C490700181FE7 /* Preview Assets.xcassets in Resources */,
				359F01AC288C490700181FE7 /* Assets.xcassets in Resources */,
				359F01BB288C4F8100181FE7 /* landmarkData.json in Resources */,
			);
			runOnlyForDeploymentPostprocessing = 0;
		};
/* End PBXResourcesBuildPhase section */

/* Begin PBXSourcesBuildPhase section */
		359F01A0288C490600181FE7 /* Sources */ = {
			isa = PBXSourcesBuildPhase;
			buildActionMask = 2147483647;
			files = (
				359F01AA288C490600181FE7 /* ContentView.swift in Sources */,
				359F01D5288C617A00181FE7 /* Badge.swift in Sources */,
				359F01B8288C4C9000181FE7 /* MapView.swift in Sources */,
				359F01A8288C490600181FE7 /* LandmarkApp.swift in Sources */,
				359F01C9288C5C4300181FE7 /* FavoriteButton.swift in Sources */,
				359F01CD288C5DC400181FE7 /* HexagonParameters.swift in Sources */,
				359F01D3288C614F00181FE7 /* RotatedBadgeSymbol.swift in Sources */,
				359F01D1288C60EE00181FE7 /* BadgeSymbol.swift in Sources */,
				359F01C5288C532A00181FE7 /* LandmarkList.swift in Sources */,
				359F01C7288C551300181FE7 /* LandmarkDetail.swift in Sources */,
				359F01CF288C5E4100181FE7 /* BadgeBackground.swift in Sources */,
				359F01B6288C4BCA00181FE7 /* CircleImage.swift in Sources */,
				359F01BD288C4F9700181FE7 /* Landmark.swift in Sources */,
				359F01C3288C51EA00181FE7 /* LandmarkRow.swift in Sources */,
				359F01C0288C50B500181FE7 /* ModelData.swift in Sources */,
			);
			runOnlyForDeploymentPostprocessing = 0;
		};
/* End PBXSourcesBuildPhase section */

/* Begin XCBuildConfiguration section */
		359F01B0288C490700181FE7 /* Debug */ = {
			isa = XCBuildConfiguration;
			buildSettings = {
				ALWAYS_SEARCH_USER_PATHS = NO;
				CLANG_ANALYZER_NONNULL = YES;
				CLANG_ANALYZER_NUMBER_OBJECT_CONVERSION = YES_AGGRESSIVE;
				CLANG_CXX_LANGUAGE_STANDARD = "gnu++17";
				CLANG_ENABLE_MODULES = YES;
				CLANG_ENABLE_OBJC_ARC = YES;
				CLANG_ENABLE_OBJC_WEAK = YES;
				CLANG_WARN_BLOCK_CAPTURE_AUTORELEASING = YES;
				CLANG_WARN_BOOL_CONVERSION = YES;
				CLANG_WARN_COMMA = YES;
				CLANG_WARN_CONSTANT_CONVERSION = YES;
				CLANG_WARN_DEPRECATED_OBJC_IMPLEMENTATIONS = YES;
				CLANG_WARN_DIRECT_OBJC_ISA_USAGE = YES_ERROR;
				CLANG_WARN_DOCUMENTATION_COMMENTS = YES;
				CLANG_WARN_EMPTY_BODY = YES;
				CLANG_WARN_ENUM_CONVERSION = YES;
				CLANG_WARN_INFINITE_RECURSION = YES;
				CLANG_WARN_INT_CONVERSION = YES;
				CLANG_WARN_NON_LITERAL_NULL_CONVERSION = YES;
				CLANG_WARN_OBJC_IMPLICIT_RETAIN_SELF = YES;
				CLANG_WARN_OBJC_LITERAL_CONVERSION = YES;
				CLANG_WARN_OBJC_ROOT_CLASS = YES_ERROR;
				CLANG_WARN_QUOTED_INCLUDE_IN_FRAMEWORK_HEADER = YES;
				CLANG_WARN_RANGE_LOOP_ANALYSIS = YES;
				CLANG_WARN_STRICT_PROTOTYPES = YES;
				CLANG_WARN_SUSPICIOUS_MOVE = YES;
				CLANG_WARN_UNGUARDED_AVAILABILITY = YES_AGGRESSIVE;
				CLANG_WARN_UNREACHABLE_CODE = YES;
				CLANG_WARN__DUPLICATE_METHOD_MATCH = YES;
				COPY_PHASE_STRIP = NO;
				DEBUG_INFORMATION_FORMAT = dwarf;
				ENABLE_STRICT_OBJC_MSGSEND = YES;
				ENABLE_TESTABILITY = YES;
				GCC_C_LANGUAGE_STANDARD = gnu11;
				GCC_DYNAMIC_NO_PIC = NO;
				GCC_NO_COMMON_BLOCKS = YES;
				GCC_OPTIMIZATION_LEVEL = 0;
				GCC_PREPROCESSOR_DEFINITIONS = (
					"DEBUG=1",
					"$(inherited)",
				);
				GCC_WARN_64_TO_32_BIT_CONVERSION = YES;
				GCC_WARN_ABOUT_RETURN_TYPE = YES_ERROR;
				GCC_WARN_UNDECLARED_SELECTOR = YES;
				GCC_WARN_UNINITIALIZED_AUTOS = YES_AGGRESSIVE;
				GCC_WARN_UNUSED_FUNCTION = YES;
				GCC_WARN_UNUSED_VARIABLE = YES;
				IPHONEOS_DEPLOYMENT_TARGET = 15.5;
				MTL_ENABLE_DEBUG_INFO = INCLUDE_SOURCE;
				MTL_FAST_MATH = YES;
				ONLY_ACTIVE_ARCH = YES;
				SDKROOT = iphoneos;
				SWIFT_ACTIVE_COMPILATION_CONDITIONS = DEBUG;
				SWIFT_OPTIMIZATION_LEVEL = "-Onone";
			};
			name = Debug;
		};
		359F01B1288C490700181FE7 /* Release */ = {
			isa = XCBuildConfiguration;
			buildSettings = {
				ALWAYS_SEARCH_USER_PATHS = NO;
				CLANG_ANALYZER_NONNULL = YES;
				CLANG_ANALYZER_NUMBER_OBJECT_CONVERSION = YES_AGGRESSIVE;
				CLANG_CXX_LANGUAGE_STANDARD = "gnu++17";
				CLANG_ENABLE_MODULES = YES;
				CLANG_ENABLE_OBJC_ARC = YES;
				CLANG_ENABLE_OBJC_WEAK = YES;
				CLANG_WARN_BLOCK_CAPTURE_AUTORELEASING = YES;
				CLANG_WARN_BOOL_CONVERSION = YES;
				CLANG_WARN_COMMA = YES;
				CLANG_WARN_CONSTANT_CONVERSION = YES;
				CLANG_WARN_DEPRECATED_OBJC_IMPLEMENTATIONS = YES;
				CLANG_WARN_DIRECT_OBJC_ISA_USAGE = YES_ERROR;
				CLANG_WARN_DOCUMENTATION_COMMENTS = YES;
				CLANG_WARN_EMPTY_BODY = YES;
				CLANG_WARN_ENUM_CONVERSION = YES;
				CLANG_WARN_INFINITE_RECURSION = YES;
				CLANG_WARN_INT_CONVERSION = YES;
				CLANG_WARN_NON_LITERAL_NULL_CONVERSION = YES;
				CLANG_WARN_OBJC_IMPLICIT_RETAIN_SELF = YES;
				CLANG_WARN_OBJC_LITERAL_CONVERSION = YES;
				CLANG_WARN_OBJC_ROOT_CLASS = YES_ERROR;
				CLANG_WARN_QUOTED_INCLUDE_IN_FRAMEWORK_HEADER = YES;
				CLANG_WARN_RANGE_LOOP_ANALYSIS = YES;
				CLANG_WARN_STRICT_PROTOTYPES = YES;
				CLANG_WARN_SUSPICIOUS_MOVE = YES;
				CLANG_WARN_UNGUARDED_AVAILABILITY = YES_AGGRESSIVE;
				CLANG_WARN_UNREACHABLE_CODE = YES;
				CLANG_WARN__DUPLICATE_METHOD_MATCH = YES;
				COPY_PHASE_STRIP = NO;
				DEBUG_INFORMATION_FORMAT = "dwarf-with-dsym";
				ENABLE_NS_ASSERTIONS = NO;
				ENABLE_STRICT_OBJC_MSGSEND = YES;
				GCC_C_LANGUAGE_STANDARD = gnu11;
				GCC_NO_COMMON_BLOCKS = YES;
				GCC_WARN_64_TO_32_BIT_CONVERSION = YES;
				GCC_WARN_ABOUT_RETURN_TYPE = YES_ERROR;
				GCC_WARN_UNDECLARED_SELECTOR = YES;
				GCC_WARN_UNINITIALIZED_AUTOS = YES_AGGRESSIVE;
				GCC_WARN_UNUSED_FUNCTION = YES;
				GCC_WARN_UNUSED_VARIABLE = YES;
				IPHONEOS_DEPLOYMENT_TARGET = 15.5;
				MTL_ENABLE_DEBUG_INFO = NO;
				MTL_FAST_MATH = YES;
				SDKROOT = iphoneos;
				SWIFT_COMPILATION_MODE = wholemodule;
				SWIFT_OPTIMIZATION_LEVEL = "-O";
				VALIDATE_PRODUCT = YES;
			};
			name = Release;
		};
		359F01B3288C490700181FE7 /* Debug */ = {
			isa = XCBuildConfiguration;
			buildSettings = {
				ASSETCATALOG_COMPILER_APPICON_NAME = AppIcon;
				ASSETCATALOG_COMPILER_GLOBAL_ACCENT_COLOR_NAME = AccentColor;
				CODE_SIGN_STYLE = Automatic;
				CURRENT_PROJECT_VERSION = 1;
				DEVELOPMENT_ASSET_PATHS = "\"Landmark/Preview Content\"";
				ENABLE_PREVIEWS = YES;
				GENERATE_INFOPLIST_FILE = YES;
				INFOPLIST_KEY_UIApplicationSceneManifest_Generation = YES;
				INFOPLIST_KEY_UIApplicationSupportsIndirectInputEvents = YES;
				INFOPLIST_KEY_UILaunchScreen_Generation = YES;
				INFOPLIST_KEY_UISupportedInterfaceOrientations_iPad = "UIInterfaceOrientationPortrait UIInterfaceOrientationPortraitUpsideDown UIInterfaceOrientationLandscapeLeft UIInterfaceOrientationLandscapeRight";
				INFOPLIST_KEY_UISupportedInterfaceOrientations_iPhone = "UIInterfaceOrientationPortrait UIInterfaceOrientationLandscapeLeft UIInterfaceOrientationLandscapeRight";
				LD_RUNPATH_SEARCH_PATHS = (
					"$(inherited)",
					"@executable_path/Frameworks",
				);
				MARKETING_VERSION = 1.0;
				PRODUCT_BUNDLE_IDENTIFIER = com.unewal.Landmark;
				PRODUCT_NAME = "$(TARGET_NAME)";
				SWIFT_EMIT_LOC_STRINGS = YES;
				SWIFT_VERSION = 5.0;
				TARGETED_DEVICE_FAMILY = "1,2";
			};
			name = Debug;
		};
		359F01B4288C490700181FE7 /* Release */ = {
			isa = XCBuildConfiguration;
			buildSettings = {
				ASSETCATALOG_COMPILER_APPICON_NAME = AppIcon;
				ASSETCATALOG_COMPILER_GLOBAL_ACCENT_COLOR_NAME = AccentColor;
				CODE_SIGN_STYLE = Automatic;
				CURRENT_PROJECT_VERSION = 1;
				DEVELOPMENT_ASSET_PATHS = "\"Landmark/Preview Content\"";
				ENABLE_PREVIEWS = YES;
				GENERATE_INFOPLIST_FILE = YES;
				INFOPLIST_KEY_UIApplicationSceneManifest_Generation = YES;
				INFOPLIST_KEY_UIApplicationSupportsIndirectInputEvents = YES;
				INFOPLIST_KEY_UILaunchScreen_Generation = YES;
				INFOPLIST_KEY_UISupportedInterfaceOrientations_iPad = "UIInterfaceOrientationPortrait UIInterfaceOrientationPortraitUpsideDown UIInterfaceOrientationLandscapeLeft UIInterfaceOrientationLandscapeRight";
				INFOPLIST_KEY_UISupportedInterfaceOrientations_iPhone = "UIInterfaceOrientationPortrait UIInterfaceOrientationLandscapeLeft UIInterfaceOrientationLandscapeRight";
				LD_RUNPATH_SEARCH_PATHS = (
					"$(inherited)",
					"@executable_path/Frameworks",
				);
				MARKETING_VERSION = 1.0;
				PRODUCT_BUNDLE_IDENTIFIER = com.unewal.Landmark;
				PRODUCT_NAME = "$(TARGET_NAME)";
				SWIFT_EMIT_LOC_STRINGS = YES;
				SWIFT_VERSION = 5.0;
				TARGETED_DEVICE_FAMILY = "1,2";
			};
			name = Release;
		};
/* End XCBuildConfiguration section */

/* Begin XCConfigurationList section */
		359F019F288C490600181FE7 /* Build configuration list for PBXProject "Landmark" */ = {
			isa = XCConfigurationList;
			buildConfigurations = (
				359F01B0288C490700181FE7 /* Debug */,
				359F01B1288C490700181FE7 /* Release */,
			);
			defaultConfigurationIsVisible = 0;
			defaultConfigurationName = Release;
		};
		359F01B2288C490700181FE7 /* Build configuration list for PBXNativeTarget "Landmark" */ = {
			isa = XCConfigurationList;
			buildConfigurations = (
				359F01B3288C490700181FE7 /* Debug */,
				359F01B4288C490700181FE7 /* Release */,
			);
			defaultConfigurationIsVisible = 0;
			defaultConfigurationName = Release;
		};
/* End XCConfigurationList section */
	};
	rootObject = 359F019C288C490600181FE7 /* Project object */;
}
